import React, { useState } from 'react';
import { MOCK_ASSETS } from '../data/mockAssets';
import { ITAsset } from '../types/assets';
import Papa from 'papaparse';

const AssetTable: React.FC = () => {
  const [activeTab, setActiveTab] = useState('inventory');
  const [assets, setAssets] = useState<ITAsset[]>(MOCK_ASSETS);
  const [searchTerm, setSearchTerm] = useState('');
  
  // NOWE: Stan dla wybranego zasobu do edycji
  const [selectedAsset, setSelectedAsset] = useState<ITAsset | null>(null);

  // Stany formularza dodawania
  const [newSN, setNewSN] = useState('');
  const [category, setCategory] = useState('Laptop');
  const [zone, setZone] = useState('Office');
  const [assignedTo, setAssignedTo] = useState('');

  // --- LOGIKA AKTUALIZACJI ZASOBU ---
  const handleUpdateAsset = (updatedAsset: ITAsset) => {
    setAssets(prev => prev.map(a => a.id === updatedAsset.id ? updatedAsset : a));
    setSelectedAsset(null); // zamknij edycję po zapisie
  };

  const handleFileUpload = (e: React.ChangeEvent<HTMLInputElement>) => {
    const file = e.target.files?.[0];
    if (!file) return;
    Papa.parse(file, {
      header: true,
      skipEmptyLines: true,
      complete: (results) => {
        const importedData = results.data.map((row: any) => ({
          id: Math.random().toString(36).substring(2, 9),
          assetName: row['Configuration Item'] || 'Unknown', 
          assetTag: row['Configuration Item'] || 'Unknown',
          serialNumber: row['Configuration Item'] || '',
          category: row['Model category'] === 'Communication Device' ? 'Mobile Phone' : 'Laptop',
          zone: 'Office', 
          status: row['State'] === 'In use' ? 'Active' : 'Disposed',
          assignedTo: row['Assigned to'] || 'Unassigned',
          modelName: row['Display name'] || '',
          notes: '', // Puste miejsce na opis
          location: '', // Puste miejsce na lokalizację
        })) as any;
        setAssets((prev) => [...importedData, ...prev]);
        alert(`Zaimportowano ${importedData.length} rekordów!`);
      },
    });
  };

  const handleAddAsset = () => {
    if (!newSN || !assignedTo) return alert("Uzupełnij dane!");
    let prefix = category === 'Laptop' ? 'WPF' : category === 'Mobile Phone' ? 'M00' : 'AZ';
    const newAsset = {
      id: Math.random().toString(36).substring(2, 9),
      assetName: `${prefix}${newSN}`,
      assetTag: `${prefix}${newSN}`,
      serialNumber: newSN,
      category,
      zone,
      status: 'Active',
      assignedTo,
      notes: '',
      location: '',
    } as any;
    setAssets([newAsset, ...assets]);
    setNewSN('');
    setAssignedTo('');
  };

  const filteredAssets = assets.filter(a =>
    a.assetName.toLowerCase().includes(searchTerm.toLowerCase()) ||
    a.assignedTo.toLowerCase().includes(searchTerm.toLowerCase()) ||
    a.serialNumber.toLowerCase().includes(searchTerm.toLowerCase())
  );

  return (
    <div style={{ display: 'flex', minHeight: '100vh', fontFamily: 'Segoe UI, sans-serif', backgroundColor: '#f4f7f6' }}>
      
      {/* SIDEBAR */}
      <div style={{ width: '250px', backgroundColor: '#2c3e50', color: 'white', display: 'flex', flexDirection: 'column' }}>
        <div style={{ padding: '25px', fontSize: '1.2em', fontWeight: 'bold', borderBottom: '1px solid #34495e', textAlign: 'center' }}>
          OSS ASSET MANAGER
        </div>
        <nav style={{ flex: 1, padding: '20px 10px' }}>
          <div style={{ ...navItemStyle, backgroundColor: activeTab === 'inventory' ? '#3498db' : 'transparent' }} onClick={() => setActiveTab('inventory')}>📋 Ewidencja</div>
          <div style={{ ...navItemStyle, backgroundColor: activeTab === 'stats' ? '#3498db' : 'transparent' }} onClick={() => setActiveTab('stats')}>📊 Statystyki</div>
        </nav>
      </div>

      {/* GŁÓWNA TREŚĆ */}
      <div style={{ flex: 1, padding: '30px', overflowY: 'auto' }}>
        
        {activeTab === 'inventory' ? (
          <>
            <h2 style={{ color: '#2c3e50', marginBottom: '20px' }}>System Zarządzania Zasobami IT</h2>

            {/* KARTA EDYCJI (POJAWIA SIĘ PO KLIKNIĘCIU W WIERSZ) */}
            {selectedAsset && (
              <div style={{ ...cardStyle, border: '2px solid #3498db', backgroundColor: '#ebf5fb' }}>
                <h3 style={{ marginTop: 0 }}>Edycja: {selectedAsset.assetName}</h3>
                <div style={{ display: 'flex', gap: '20px', flexWrap: 'wrap' }}>
                  <div style={{ flex: 1 }}>
                    <label>Lokalizacja szczegółowa:</label>
                    <select 
                      style={{ ...inputStyle, width: '100%', marginTop: '5px' }}
                      value={selectedAsset.location}
                      onChange={(e) => setSelectedAsset({...selectedAsset, location: e.target.value})}
                    >
                      <option value="">-- Wybierz lokalizację --</option>
                      <option value="Despatch">Despatch</option>
                      <option value="Finishing">Finishing</option>
                      <option value="Office Floor 1">Office Floor 1</option>
                      <option value="Server Room">Server Room</option>
                    </select>
                  </div>
                  <div style={{ flex: 2 }}>
                    <label>Opis / Notatki:</label>
                    <input 
                      style={{ ...inputStyle, width: '100%', marginTop: '5px' }}
                      placeholder="Np. uszkodzona matryca, brak ładowarki..."
                      value={selectedAsset.notes}
                      onChange={(e) => setSelectedAsset({...selectedAsset, notes: e.target.value})}
                    />
                  </div>
                  <div style={{ display: 'flex', alignItems: 'flex-end', gap: '10 thumb' }}>
                    <button onClick={() => handleUpdateAsset(selectedAsset)} style={buttonStyle}>Zapisz zmiany</button>
                    <button onClick={() => setSelectedAsset(null)} style={{ ...buttonStyle, backgroundColor: '#95a5a6', marginLeft: '10px' }}>Anuluj</button>
                  </div>
                </div>
              </div>
            )}
            
            <div style={cardStyle}>
              <h4 style={{ marginTop: 0 }}>Szybkie Dodawanie / Import</h4>
              <div style={{ display: 'flex', gap: '10px', flexWrap: 'wrap' }}>
                <input placeholder="SN" value={newSN} style={inputStyle} onChange={e => setNewSN(e.target.value)} />
                <input placeholder="Użytkownik" value={assignedTo} style={inputStyle} onChange={e => setAssignedTo(e.target.value)} />
                <button onClick={handleAddAsset} style={buttonStyle}>Dodaj</button>
                <label style={{ ...buttonStyle, backgroundColor: '#34495e', cursor: 'pointer' }}>
                  📥 Import CSV <input type="file" accept=".csv" onChange={handleFileUpload} style={{ display: 'none' }} />
                </label>
              </div>
            </div>

            <input placeholder="Szukaj..." style={{ padding: '10px', width: '300px', borderRadius: '5px', border: '1px solid #ddd', marginBottom: '20px' }} onChange={e => setSearchTerm(e.target.value)} />

            <div style={cardStyle}>
              <table style={{ width: '100%', borderCollapse: 'collapse' }}>
                <thead>
                  <tr style={{ textAlign: 'left', borderBottom: '2px solid #eee' }}>
                    <th style={cellStyle}>Urządzenie</th>
                    <th style={cellStyle}>Lokalizacja</th>
                    <th style={cellStyle}>Status</th>
                    <th style={cellStyle}>Użytkownik</th>
                  </tr>
                </thead>
                <tbody>
                  {filteredAssets.map(asset => (
                    <tr 
                      key={asset.id} 
                      onClick={() => setSelectedAsset(asset)} // KLIKNIĘCIE OTWIERA EDYCJĘ
                      style={{ borderBottom: '1px solid #f9f9f9', cursor: 'pointer', backgroundColor: selectedAsset?.id === asset.id ? '#f0f7ff' : 'transparent' }}
                    >
                      <td style={cellStyle}>
                        <strong>{asset.assetName}</strong><br/>
                        <small style={{color:'#7f8c8d'}}>{asset.notes || 'Brak opisu'}</small>
                      </td>
                      <td style={cellStyle}>
                        <span style={badgeStyle}>{asset.location || asset.zone}</span>
                      </td>
                      <td style={cellStyle}>{asset.status}</td>
                      <td style={cellStyle}>{asset.assignedTo}</td>
                    </tr>
                  ))}
                </tbody>
              </table>
            </div>
          </>
        ) : (
          <div style={{ textAlign: 'center', marginTop: '100px' }}><h2>Statystyki</h2></div>
        )}
      </div>
    </div>
  );
};

// Style
const navItemStyle = { padding: '12px 15px', borderRadius: '8px', cursor: 'pointer', marginBottom: '8px' };
const cardStyle = { backgroundColor: 'white', padding: '20px', borderRadius: '10px', boxShadow: '0 2px 10px rgba(0,0,0,0.05)', marginBottom: '20px' };
const inputStyle = { padding: '10px', borderRadius: '5px', border: '1px solid #ddd' };
const buttonStyle = { padding: '10px 20px', backgroundColor: '#27ae60', color: 'white', border: 'none', borderRadius: '5px', cursor: 'pointer', fontWeight: 'bold' as const };
const cellStyle = { padding: '15px 10px' };
const badgeStyle = { backgroundColor: '#e1f5fe', color: '#0288d1', padding: '4px 8px', borderRadius: '4px', fontSize: '0.85em', fontWeight: 'bold' as const };

export default AssetTable;